
Microsoft Visual Studio Solution File, Format Version 12.00
# Visual Studio 15
VisualStudioVersion = 15.0.28307.1082
MinimumVisualStudioVersion = 10.0.40219.1
Project("{FAE04EC0-301F-11D3-BF4B-00C04F79EFBC}") = "Retirement_calculator", "Retirement_calculator\Retirement_calculator.csproj", "{91380386-933E-41DF-A6DA-5B8066C2A451}"
EndProject
Global
	GlobalSection(SolutionConfigurationPlatforms) = preSolution
		Debug|Any CPU = Debug|Any CPU
		Release|Any CPU = Release|Any CPU
	EndGlobalSection
	GlobalSection(ProjectConfigurationPlatforms) = postSolution
		{91380386-933E-41DF-A6DA-5B8066C2A451}.Debug|Any CPU.ActiveCfg = Debug|Any CPU
		{91380386-933E-41DF-A6DA-5B8066C2A451}.Debug|Any CPU.Build.0 = Debug|Any CPU
		{91380386-933E-41DF-A6DA-5B8066C2A451}.Release|Any CPU.ActiveCfg = Release|Any CPU
		{91380386-933E-41DF-A6DA-5B8066C2A451}.Release|Any CPU.Build.0 = Release|Any CPU
	EndGlobalSection
	GlobalSection(SolutionProperties) = preSolution
		HideSolutionNode = FALSE
	EndGlobalSection
	GlobalSection(ExtensibilityGlobals) = postSolution
		SolutionGuid = {A0ADF861-B43D-42C0-8C9C-A505909A481A}
	EndGlobalSection
EndGlobal
